
Microsoft Visual Studio Solution File, Format Version 12.00
# Visual Studio Version 17
VisualStudioVersion = 17.13.35931.197 d17.13
MinimumVisualStudioVersion = 10.0.40219.1
Project("{888888A0-9F3D-457C-B088-3A5042F75D52}") = "Binary Search", "Binary Search.pyproj", "{FA1DD190-A3E8-4E17-AE43-F1FFFA6307A0}"
EndProject
Global
	GlobalSection(SolutionConfigurationPlatforms) = preSolution
		Debug|Any CPU = Debug|Any CPU
		Release|Any CPU = Release|Any CPU
	EndGlobalSection
	GlobalSection(ProjectConfigurationPlatforms) = postSolution
		{FA1DD190-A3E8-4E17-AE43-F1FFFA6307A0}.Debug|Any CPU.ActiveCfg = Debug|Any CPU
		{FA1DD190-A3E8-4E17-AE43-F1FFFA6307A0}.Release|Any CPU.ActiveCfg = Release|Any CPU
	EndGlobalSection
	GlobalSection(SolutionProperties) = preSolution
		HideSolutionNode = FALSE
	EndGlobalSection
	GlobalSection(ExtensibilityGlobals) = postSolution
		SolutionGuid = {A44987F5-A34A-46E8-BF74-ECAC8DB97079}
	EndGlobalSection
EndGlobal
